// !$*UTF8*$!
{
	archiveVersion = 1;
	classes = {
	};
	objectVersion = 50;
	objects = {

/* Begin PBXBuildFile section */
		F9190A2826610F19001A27BE /* MyVstackView.swift in Sources */ = {isa = PBXBuildFile; fileRef = F9190A2726610F19001A27BE /* MyVstackView.swift */; };
		F9190A2A26611514001A27BE /* MyTextView.swift in Sources */ = {isa = PBXBuildFile; fileRef = F9190A2926611514001A27BE /* MyTextView.swift */; };
		F9961C0F2661F4E500376505 /* WebviewContentView.swift in Sources */ = {isa = PBXBuildFile; fileRef = F9961C0E2661F4E500376505 /* WebviewContentView.swift */; };
		F9961C112661F54B00376505 /* MyWebview.swift in Sources */ = {isa = PBXBuildFile; fileRef = F9961C102661F54B00376505 /* MyWebview.swift */; };
		F9C164CD26610BA4004E6535 /* Smaple_SwiftUIApp.swift in Sources */ = {isa = PBXBuildFile; fileRef = F9C164CC26610BA4004E6535 /* Smaple_SwiftUIApp.swift */; };
		F9C164CF26610BA4004E6535 /* ContentView.swift in Sources */ = {isa = PBXBuildFile; fileRef = F9C164CE26610BA4004E6535 /* ContentView.swift */; };
		F9C164D126610BA7004E6535 /* Assets.xcassets in Resources */ = {isa = PBXBuildFile; fileRef = F9C164D026610BA7004E6535 /* Assets.xcassets */; };
		F9C164D426610BA7004E6535 /* Preview Assets.xcassets in Resources */ = {isa = PBXBuildFile; fileRef = F9C164D326610BA7004E6535 /* Preview Assets.xcassets */; };
		F9C164DF26610BA8004E6535 /* Smaple_SwiftUITests.swift in Sources */ = {isa = PBXBuildFile; fileRef = F9C164DE26610BA8004E6535 /* Smaple_SwiftUITests.swift */; };
		F9C164EA26610BA8004E6535 /* Smaple_SwiftUIUITests.swift in Sources */ = {isa = PBXBuildFile; fileRef = F9C164E926610BA8004E6535 /* Smaple_SwiftUIUITests.swift */; };
/* End PBXBuildFile section */

/* Begin PBXContainerItemProxy section */
		F9C164DB26610BA8004E6535 /* PBXContainerItemProxy */ = {
			isa = PBXContainerItemProxy;
			containerPortal = F9C164C126610BA4004E6535 /* Project object */;
			proxyType = 1;
			remoteGlobalIDString = F9C164C826610BA4004E6535;
			remoteInfo = "Smaple SwiftUI";
		};
		F9C164E626610BA8004E6535 /* PBXContainerItemProxy */ = {
			isa = PBXContainerItemProxy;
			containerPortal = F9C164C126610BA4004E6535 /* Project object */;
			proxyType = 1;
			remoteGlobalIDString = F9C164C826610BA4004E6535;
			remoteInfo = "Smaple SwiftUI";
		};
/* End PBXContainerItemProxy section */

/* Begin PBXFileReference section */
		F9190A2726610F19001A27BE /* MyVstackView.swift */ = {isa = PBXFileReference; lastKnownFileType = sourcecode.swift; path = MyVstackView.swift; sourceTree = "<group>"; };
		F9190A2926611514001A27BE /* MyTextView.swift */ = {isa = PBXFileReference; lastKnownFileType = sourcecode.swift; path = MyTextView.swift; sourceTree = "<group>"; };
		F9961C0E2661F4E500376505 /* WebviewContentView.swift */ = {isa = PBXFileReference; lastKnownFileType = sourcecode.swift; path = WebviewContentView.swift; sourceTree = "<group>"; };
		F9961C102661F54B00376505 /* MyWebview.swift */ = {isa = PBXFileReference; lastKnownFileType = sourcecode.swift; path = MyWebview.swift; sourceTree = "<group>"; };
		F9C164C926610BA4004E6535 /* Smaple SwiftUI.app */ = {isa = PBXFileReference; explicitFileType = wrapper.application; includeInIndex = 0; path = "Smaple SwiftUI.app"; sourceTree = BUILT_PRODUCTS_DIR; };
		F9C164CC26610BA4004E6535 /* Smaple_SwiftUIApp.swift */ = {isa = PBXFileReference; lastKnownFileType = sourcecode.swift; path = Smaple_SwiftUIApp.swift; sourceTree = "<group>"; };
		F9C164CE26610BA4004E6535 /* ContentView.swift */ = {isa = PBXFileReference; lastKnownFileType = sourcecode.swift; path = ContentView.swift; sourceTree = "<group>"; };
		F9C164D026610BA7004E6535 /* Assets.xcassets */ = {isa = PBXFileReference; lastKnownFileType = folder.assetcatalog; path = Assets.xcassets; sourceTree = "<group>"; };
		F9C164D326610BA7004E6535 /* Preview Assets.xcassets */ = {isa = PBXFileReference; lastKnownFileType = folder.assetcatalog; path = "Preview Assets.xcassets"; sourceTree = "<group>"; };
		F9C164D526610BA7004E6535 /* Info.plist */ = {isa = PBXFileReference; lastKnownFileType = text.plist.xml; path = Info.plist; sourceTree = "<group>"; };
		F9C164DA26610BA8004E6535 /* Smaple SwiftUITests.xctest */ = {isa = PBXFileReference; explicitFileType = wrapper.cfbundle; includeInIndex = 0; path = "Smaple SwiftUITests.xctest"; sourceTree = BUILT_PRODUCTS_DIR; };
		F9C164DE26610BA8004E6535 /* Smaple_SwiftUITests.swift */ = {isa = PBXFileReference; lastKnownFileType = sourcecode.swift; path = Smaple_SwiftUITests.swift; sourceTree = "<group>"; };
		F9C164E026610BA8004E6535 /* Info.plist */ = {isa = PBXFileReference; lastKnownFileType = text.plist.xml; path = Info.plist; sourceTree = "<group>"; };
		F9C164E526610BA8004E6535 /* Smaple SwiftUIUITests.xctest */ = {isa = PBXFileReference; explicitFileType = wrapper.cfbundle; includeInIndex = 0; path = "Smaple SwiftUIUITests.xctest"; sourceTree = BUILT_PRODUCTS_DIR; };
		F9C164E926610BA8004E6535 /* Smaple_SwiftUIUITests.swift */ = {isa = PBXFileReference; lastKnownFileType = sourcecode.swift; path = Smaple_SwiftUIUITests.swift; sourceTree = "<group>"; };
		F9C164EB26610BA8004E6535 /* Info.plist */ = {isa = PBXFileReference; lastKnownFileType = text.plist.xml; path = Info.plist; sourceTree = "<group>"; };
/* End PBXFileReference section */

/* Begin PBXFrameworksBuildPhase section */
		F9C164C626610BA4004E6535 /* Frameworks */ = {
			isa = PBXFrameworksBuildPhase;
			buildActionMask = 2147483647;
			files = (
			);
			runOnlyForDeploymentPostprocessing = 0;
		};
		F9C164D726610BA8004E6535 /* Frameworks */ = {
			isa = PBXFrameworksBuildPhase;
			buildActionMask = 2147483647;
			files = (
			);
			runOnlyForDeploymentPostprocessing = 0;
		};
		F9C164E226610BA8004E6535 /* Frameworks */ = {
			isa = PBXFrameworksBuildPhase;
			buildActionMask = 2147483647;
			files = (
			);
			runOnlyForDeploymentPostprocessing = 0;
		};
/* End PBXFrameworksBuildPhase section */

/* Begin PBXGroup section */
		F9C164C026610BA4004E6535 = {
			isa = PBXGroup;
			children = (
				F9C164CB26610BA4004E6535 /* Smaple SwiftUI */,
				F9C164DD26610BA8004E6535 /* Smaple SwiftUITests */,
				F9C164E826610BA8004E6535 /* Smaple SwiftUIUITests */,
				F9C164CA26610BA4004E6535 /* Products */,
			);
			sourceTree = "<group>";
		};
		F9C164CA26610BA4004E6535 /* Products */ = {
			isa = PBXGroup;
			children = (
				F9C164C926610BA4004E6535 /* Smaple SwiftUI.app */,
				F9C164DA26610BA8004E6535 /* Smaple SwiftUITests.xctest */,
				F9C164E526610BA8004E6535 /* Smaple SwiftUIUITests.xctest */,
			);
			name = Products;
			sourceTree = "<group>";
		};
		F9C164CB26610BA4004E6535 /* Smaple SwiftUI */ = {
			isa = PBXGroup;
			children = (
				F9C164CC26610BA4004E6535 /* Smaple_SwiftUIApp.swift */,
				F9C164CE26610BA4004E6535 /* ContentView.swift */,
				F9C164D026610BA7004E6535 /* Assets.xcassets */,
				F9C164D526610BA7004E6535 /* Info.plist */,
				F9C164D226610BA7004E6535 /* Preview Content */,
				F9190A2726610F19001A27BE /* MyVstackView.swift */,
				F9190A2926611514001A27BE /* MyTextView.swift */,
				F9961C0E2661F4E500376505 /* WebviewContentView.swift */,
				F9961C102661F54B00376505 /* MyWebview.swift */,
			);
			path = "Smaple SwiftUI";
			sourceTree = "<group>";
		};
		F9C164D226610BA7004E6535 /* Preview Content */ = {
			isa = PBXGroup;
			children = (
				F9C164D326610BA7004E6535 /* Preview Assets.xcassets */,
			);
			path = "Preview Content";
			sourceTree = "<group>";
		};
		F9C164DD26610BA8004E6535 /* Smaple SwiftUITests */ = {
			isa = PBXGroup;
			children = (
				F9C164DE26610BA8004E6535 /* Smaple_SwiftUITests.swift */,
				F9C164E026610BA8004E6535 /* Info.plist */,
			);
			path = "Smaple SwiftUITests";
			sourceTree = "<group>";
		};
		F9C164E826610BA8004E6535 /* Smaple SwiftUIUITests */ = {
			isa = PBXGroup;
			children = (
				F9C164E926610BA8004E6535 /* Smaple_SwiftUIUITests.swift */,
				F9C164EB26610BA8004E6535 /* Info.plist */,
			);
			path = "Smaple SwiftUIUITests";
			sourceTree = "<group>";
		};
/* End PBXGroup section */

/* Begin PBXNativeTarget section */
		F9C164C826610BA4004E6535 /* Smaple SwiftUI */ = {
			isa = PBXNativeTarget;
			buildConfigurationList = F9C164EE26610BA8004E6535 /* Build configuration list for PBXNativeTarget "Smaple SwiftUI" */;
			buildPhases = (
				F9C164C526610BA4004E6535 /* Sources */,
				F9C164C626610BA4004E6535 /* Frameworks */,
				F9C164C726610BA4004E6535 /* Resources */,
			);
			buildRules = (
			);
			dependencies = (
			);
			name = "Smaple SwiftUI";
			productName = "Smaple SwiftUI";
			productReference = F9C164C926610BA4004E6535 /* Smaple SwiftUI.app */;
			productType = "com.apple.product-type.application";
		};
		F9C164D926610BA8004E6535 /* Smaple SwiftUITests */ = {
			isa = PBXNativeTarget;
			buildConfigurationList = F9C164F126610BA8004E6535 /* Build configuration list for PBXNativeTarget "Smaple SwiftUITests" */;
			buildPhases = (
				F9C164D626610BA8004E6535 /* Sources */,
				F9C164D726610BA8004E6535 /* Frameworks */,
				F9C164D826610BA8004E6535 /* Resources */,
			);
			buildRules = (
			);
			dependencies = (
				F9C164DC26610BA8004E6535 /* PBXTargetDependency */,
			);
			name = "Smaple SwiftUITests";
			productName = "Smaple SwiftUITests";
			productReference = F9C164DA26610BA8004E6535 /* Smaple SwiftUITests.xctest */;
			productType = "com.apple.product-type.bundle.unit-test";
		};
		F9C164E426610BA8004E6535 /* Smaple SwiftUIUITests */ = {
			isa = PBXNativeTarget;
			buildConfigurationList = F9C164F426610BA8004E6535 /* Build configuration list for PBXNativeTarget "Smaple SwiftUIUITests" */;
			buildPhases = (
				F9C164E126610BA8004E6535 /* Sources */,
				F9C164E226610BA8004E6535 /* Frameworks */,
				F9C164E326610BA8004E6535 /* Resources */,
			);
			buildRules = (
			);
			dependencies = (
				F9C164E726610BA8004E6535 /* PBXTargetDependency */,
			);
			name = "Smaple SwiftUIUITests";
			productName = "Smaple SwiftUIUITests";
			productReference = F9C164E526610BA8004E6535 /* Smaple SwiftUIUITests.xctest */;
			productType = "com.apple.product-type.bundle.ui-testing";
		};
/* End PBXNativeTarget section */

/* Begin PBXProject section */
		F9C164C126610BA4004E6535 /* Project object */ = {
			isa = PBXProject;
			attributes = {
				LastSwiftUpdateCheck = 1250;
				LastUpgradeCheck = 1250;
				TargetAttributes = {
					F9C164C826610BA4004E6535 = {
						CreatedOnToolsVersion = 12.5;
					};
					F9C164D926610BA8004E6535 = {
						CreatedOnToolsVersion = 12.5;
						TestTargetID = F9C164C826610BA4004E6535;
					};
					F9C164E426610BA8004E6535 = {
						CreatedOnToolsVersion = 12.5;
						TestTargetID = F9C164C826610BA4004E6535;
					};
				};
			};
			buildConfigurationList = F9C164C426610BA4004E6535 /* Build configuration list for PBXProject "Smaple SwiftUI" */;
			compatibilityVersion = "Xcode 9.3";
			developmentRegion = en;
			hasScannedForEncodings = 0;
			knownRegions = (
				en,
				Base,
			);
			mainGroup = F9C164C026610BA4004E6535;
			productRefGroup = F9C164CA26610BA4004E6535 /* Products */;
			projectDirPath = "";
			projectRoot = "";
			targets = (
				F9C164C826610BA4004E6535 /* Smaple SwiftUI */,
				F9C164D926610BA8004E6535 /* Smaple SwiftUITests */,
				F9C164E426610BA8004E6535 /* Smaple SwiftUIUITests */,
			);
		};
/* End PBXProject section */

/* Begin PBXResourcesBuildPhase section */
		F9C164C726610BA4004E6535 /* Resources */ = {
			isa = PBXResourcesBuildPhase;
			buildActionMask = 2147483647;
			files = (
				F9C164D426610BA7004E6535 /* Preview Assets.xcassets in Resources */,
				F9C164D126610BA7004E6535 /* Assets.xcassets in Resources */,
			);
			runOnlyForDeploymentPostprocessing = 0;
		};
		F9C164D826610BA8004E6535 /* Resources */ = {
			isa = PBXResourcesBuildPhase;
			buildActionMask = 2147483647;
			files = (
			);
			runOnlyForDeploymentPostprocessing = 0;
		};
		F9C164E326610BA8004E6535 /* Resources */ = {
			isa = PBXResourcesBuildPhase;
			buildActionMask = 2147483647;
			files = (
			);
			runOnlyForDeploymentPostprocessing = 0;
		};
/* End PBXResourcesBuildPhase section */

/* Begin PBXSourcesBuildPhase section */
		F9C164C526610BA4004E6535 /* Sources */ = {
			isa = PBXSourcesBuildPhase;
			buildActionMask = 2147483647;
			files = (
				F9C164CF26610BA4004E6535 /* ContentView.swift in Sources */,
				F9961C112661F54B00376505 /* MyWebview.swift in Sources */,
				F9190A2A26611514001A27BE /* MyTextView.swift in Sources */,
				F9961C0F2661F4E500376505 /* WebviewContentView.swift in Sources */,
				F9C164CD26610BA4004E6535 /* Smaple_SwiftUIApp.swift in Sources */,
				F9190A2826610F19001A27BE /* MyVstackView.swift in Sources */,
			);
			runOnlyForDeploymentPostprocessing = 0;
		};
		F9C164D626610BA8004E6535 /* Sources */ = {
			isa = PBXSourcesBuildPhase;
			buildActionMask = 2147483647;
			files = (
				F9C164DF26610BA8004E6535 /* Smaple_SwiftUITests.swift in Sources */,
			);
			runOnlyForDeploymentPostprocessing = 0;
		};
		F9C164E126610BA8004E6535 /* Sources */ = {
			isa = PBXSourcesBuildPhase;
			buildActionMask = 2147483647;
			files = (
				F9C164EA26610BA8004E6535 /* Smaple_SwiftUIUITests.swift in Sources */,
			);
			runOnlyForDeploymentPostprocessing = 0;
		};
/* End PBXSourcesBuildPhase section */

/* Begin PBXTargetDependency section */
		F9C164DC26610BA8004E6535 /* PBXTargetDependency */ = {
			isa = PBXTargetDependency;
			target = F9C164C826610BA4004E6535 /* Smaple SwiftUI */;
			targetProxy = F9C164DB26610BA8004E6535 /* PBXContainerItemProxy */;
		};
		F9C164E726610BA8004E6535 /* PBXTargetDependency */ = {
			isa = PBXTargetDependency;
			target = F9C164C826610BA4004E6535 /* Smaple SwiftUI */;
			targetProxy = F9C164E626610BA8004E6535 /* PBXContainerItemProxy */;
		};
/* End PBXTargetDependency section */

/* Begin XCBuildConfiguration section */
		F9C164EC26610BA8004E6535 /* Debug */ = {
			isa = XCBuildConfiguration;
			buildSettings = {
				ALWAYS_SEARCH_USER_PATHS = NO;
				CLANG_ANALYZER_NONNULL = YES;
				CLANG_ANALYZER_NUMBER_OBJECT_CONVERSION = YES_AGGRESSIVE;
				CLANG_CXX_LANGUAGE_STANDARD = "gnu++14";
				CLANG_CXX_LIBRARY = "libc++";
				CLANG_ENABLE_MODULES = YES;
				CLANG_ENABLE_OBJC_ARC = YES;
				CLANG_ENABLE_OBJC_WEAK = YES;
				CLANG_WARN_BLOCK_CAPTURE_AUTORELEASING = YES;
				CLANG_WARN_BOOL_CONVERSION = YES;
				CLANG_WARN_COMMA = YES;
				CLANG_WARN_CONSTANT_CONVERSION = YES;
				CLANG_WARN_DEPRECATED_OBJC_IMPLEMENTATIONS = YES;
				CLANG_WARN_DIRECT_OBJC_ISA_USAGE = YES_ERROR;
				CLANG_WARN_DOCUMENTATION_COMMENTS = YES;
				CLANG_WARN_EMPTY_BODY = YES;
				CLANG_WARN_ENUM_CONVERSION = YES;
				CLANG_WARN_INFINITE_RECURSION = YES;
				CLANG_WARN_INT_CONVERSION = YES;
				CLANG_WARN_NON_LITERAL_NULL_CONVERSION = YES;
				CLANG_WARN_OBJC_IMPLICIT_RETAIN_SELF = YES;
				CLANG_WARN_OBJC_LITERAL_CONVERSION = YES;
				CLANG_WARN_OBJC_ROOT_CLASS = YES_ERROR;
				CLANG_WARN_QUOTED_INCLUDE_IN_FRAMEWORK_HEADER = YES;
				CLANG_WARN_RANGE_LOOP_ANALYSIS = YES;
				CLANG_WARN_STRICT_PROTOTYPES = YES;
				CLANG_WARN_SUSPICIOUS_MOVE = YES;
				CLANG_WARN_UNGUARDED_AVAILABILITY = YES_AGGRESSIVE;
				CLANG_WARN_UNREACHABLE_CODE = YES;
				CLANG_WARN__DUPLICATE_METHOD_MATCH = YES;
				COPY_PHASE_STRIP = NO;
				DEBUG_INFORMATION_FORMAT = dwarf;
				ENABLE_STRICT_OBJC_MSGSEND = YES;
				ENABLE_TESTABILITY = YES;
				GCC_C_LANGUAGE_STANDARD = gnu11;
				GCC_DYNAMIC_NO_PIC = NO;
				GCC_NO_COMMON_BLOCKS = YES;
				GCC_OPTIMIZATION_LEVEL = 0;
				GCC_PREPROCESSOR_DEFINITIONS = (
					"DEBUG=1",
					"$(inherited)",
				);
				GCC_WARN_64_TO_32_BIT_CONVERSION = YES;
				GCC_WARN_ABOUT_RETURN_TYPE = YES_ERROR;
				GCC_WARN_UNDECLARED_SELECTOR = YES;
				GCC_WARN_UNINITIALIZED_AUTOS = YES_AGGRESSIVE;
				GCC_WARN_UNUSED_FUNCTION = YES;
				GCC_WARN_UNUSED_VARIABLE = YES;
				IPHONEOS_DEPLOYMENT_TARGET = 14.5;
				MTL_ENABLE_DEBUG_INFO = INCLUDE_SOURCE;
				MTL_FAST_MATH = YES;
				ONLY_ACTIVE_ARCH = YES;
				SDKROOT = iphoneos;
				SWIFT_ACTIVE_COMPILATION_CONDITIONS = DEBUG;
				SWIFT_OPTIMIZATION_LEVEL = "-Onone";
			};
			name = Debug;
		};
		F9C164ED26610BA8004E6535 /* Release */ = {
			isa = XCBuildConfiguration;
			buildSettings = {
				ALWAYS_SEARCH_USER_PATHS = NO;
				CLANG_ANALYZER_NONNULL = YES;
				CLANG_ANALYZER_NUMBER_OBJECT_CONVERSION = YES_AGGRESSIVE;
				CLANG_CXX_LANGUAGE_STANDARD = "gnu++14";
				CLANG_CXX_LIBRARY = "libc++";
				CLANG_ENABLE_MODULES = YES;
				CLANG_ENABLE_OBJC_ARC = YES;
				CLANG_ENABLE_OBJC_WEAK = YES;
				CLANG_WARN_BLOCK_CAPTURE_AUTORELEASING = YES;
				CLANG_WARN_BOOL_CONVERSION = YES;
				CLANG_WARN_COMMA = YES;
				CLANG_WARN_CONSTANT_CONVERSION = YES;
				CLANG_WARN_DEPRECATED_OBJC_IMPLEMENTATIONS = YES;
				CLANG_WARN_DIRECT_OBJC_ISA_USAGE = YES_ERROR;
				CLANG_WARN_DOCUMENTATION_COMMENTS = YES;
				CLANG_WARN_EMPTY_BODY = YES;
				CLANG_WARN_ENUM_CONVERSION = YES;
				CLANG_WARN_INFINITE_RECURSION = YES;
				CLANG_WARN_INT_CONVERSION = YES;
				CLANG_WARN_NON_LITERAL_NULL_CONVERSION = YES;
				CLANG_WARN_OBJC_IMPLICIT_RETAIN_SELF = YES;
				CLANG_WARN_OBJC_LITERAL_CONVERSION = YES;
				CLANG_WARN_OBJC_ROOT_CLASS = YES_ERROR;
				CLANG_WARN_QUOTED_INCLUDE_IN_FRAMEWORK_HEADER = YES;
				CLANG_WARN_RANGE_LOOP_ANALYSIS = YES;
				CLANG_WARN_STRICT_PROTOTYPES = YES;
				CLANG_WARN_SUSPICIOUS_MOVE = YES;
				CLANG_WARN_UNGUARDED_AVAILABILITY = YES_AGGRESSIVE;
				CLANG_WARN_UNREACHABLE_CODE = YES;
				CLANG_WARN__DUPLICATE_METHOD_MATCH = YES;
				COPY_PHASE_STRIP = NO;
				DEBUG_INFORMATION_FORMAT = "dwarf-with-dsym";
				ENABLE_NS_ASSERTIONS = NO;
				ENABLE_STRICT_OBJC_MSGSEND = YES;
				GCC_C_LANGUAGE_STANDARD = gnu11;
				GCC_NO_COMMON_BLOCKS = YES;
				GCC_WARN_64_TO_32_BIT_CONVERSION = YES;
				GCC_WARN_ABOUT_RETURN_TYPE = YES_ERROR;
				GCC_WARN_UNDECLARED_SELECTOR = YES;
				GCC_WARN_UNINITIALIZED_AUTOS = YES_AGGRESSIVE;
				GCC_WARN_UNUSED_FUNCTION = YES;
				GCC_WARN_UNUSED_VARIABLE = YES;
				IPHONEOS_DEPLOYMENT_TARGET = 14.5;
				MTL_ENABLE_DEBUG_INFO = NO;
				MTL_FAST_MATH = YES;
				SDKROOT = iphoneos;
				SWIFT_COMPILATION_MODE = wholemodule;
				SWIFT_OPTIMIZATION_LEVEL = "-O";
				VALIDATE_PRODUCT = YES;
			};
			name = Release;
		};
		F9C164EF26610BA8004E6535 /* Debug */ = {
			isa = XCBuildConfiguration;
			buildSettings = {
				ASSETCATALOG_COMPILER_APPICON_NAME = AppIcon;
				ASSETCATALOG_COMPILER_GLOBAL_ACCENT_COLOR_NAME = AccentColor;
				CODE_SIGN_STYLE = Automatic;
				DEVELOPMENT_ASSET_PATHS = "\"Smaple SwiftUI/Preview Content\"";
				DEVELOPMENT_TEAM = Q6GNGLH2H2;
				ENABLE_PREVIEWS = YES;
				INFOPLIST_FILE = "Smaple SwiftUI/Info.plist";
				IPHONEOS_DEPLOYMENT_TARGET = 14.0;
				LD_RUNPATH_SEARCH_PATHS = (
					"$(inherited)",
					"@executable_path/Frameworks",
				);
				PRODUCT_BUNDLE_IDENTIFIER = "coml.lee4830.Smaple-SwiftUI";
				PRODUCT_NAME = "$(TARGET_NAME)";
				SWIFT_VERSION = 5.0;
				TARGETED_DEVICE_FAMILY = "1,2";
			};
			name = Debug;
		};
		F9C164F026610BA8004E6535 /* Release */ = {
			isa = XCBuildConfiguration;
			buildSettings = {
				ASSETCATALOG_COMPILER_APPICON_NAME = AppIcon;
				ASSETCATALOG_COMPILER_GLOBAL_ACCENT_COLOR_NAME = AccentColor;
				CODE_SIGN_STYLE = Automatic;
				DEVELOPMENT_ASSET_PATHS = "\"Smaple SwiftUI/Preview Content\"";
				DEVELOPMENT_TEAM = Q6GNGLH2H2;
				ENABLE_PREVIEWS = YES;
				INFOPLIST_FILE = "Smaple SwiftUI/Info.plist";
				IPHONEOS_DEPLOYMENT_TARGET = 14.0;
				LD_RUNPATH_SEARCH_PATHS = (
					"$(inherited)",
					"@executable_path/Frameworks",
				);
				PRODUCT_BUNDLE_IDENTIFIER = "coml.lee4830.Smaple-SwiftUI";
				PRODUCT_NAME = "$(TARGET_NAME)";
				SWIFT_VERSION = 5.0;
				TARGETED_DEVICE_FAMILY = "1,2";
			};
			name = Release;
		};
		F9C164F226610BA8004E6535 /* Debug */ = {
			isa = XCBuildConfiguration;
			buildSettings = {
				ALWAYS_EMBED_SWIFT_STANDARD_LIBRARIES = YES;
				BUNDLE_LOADER = "$(TEST_HOST)";
				CODE_SIGN_STYLE = Automatic;
				DEVELOPMENT_TEAM = Q6GNGLH2H2;
				INFOPLIST_FILE = "Smaple SwiftUITests/Info.plist";
				IPHONEOS_DEPLOYMENT_TARGET = 14.0;
				LD_RUNPATH_SEARCH_PATHS = (
					"$(inherited)",
					"@executable_path/Frameworks",
					"@loader_path/Frameworks",
				);
				PRODUCT_BUNDLE_IDENTIFIER = "coml.lee4830.Smaple-SwiftUITests";
				PRODUCT_NAME = "$(TARGET_NAME)";
				SWIFT_VERSION = 5.0;
				TARGETED_DEVICE_FAMILY = "1,2";
				TEST_HOST = "$(BUILT_PRODUCTS_DIR)/Smaple SwiftUI.app/Smaple SwiftUI";
			};
			name = Debug;
		};
		F9C164F326610BA8004E6535 /* Release */ = {
			isa = XCBuildConfiguration;
			buildSettings = {
				ALWAYS_EMBED_SWIFT_STANDARD_LIBRARIES = YES;
				BUNDLE_LOADER = "$(TEST_HOST)";
				CODE_SIGN_STYLE = Automatic;
				DEVELOPMENT_TEAM = Q6GNGLH2H2;
				INFOPLIST_FILE = "Smaple SwiftUITests/Info.plist";
				IPHONEOS_DEPLOYMENT_TARGET = 14.0;
				LD_RUNPATH_SEARCH_PATHS = (
					"$(inherited)",
					"@executable_path/Frameworks",
					"@loader_path/Frameworks",
				);
				PRODUCT_BUNDLE_IDENTIFIER = "coml.lee4830.Smaple-SwiftUITests";
				PRODUCT_NAME = "$(TARGET_NAME)";
				SWIFT_VERSION = 5.0;
				TARGETED_DEVICE_FAMILY = "1,2";
				TEST_HOST = "$(BUILT_PRODUCTS_DIR)/Smaple SwiftUI.app/Smaple SwiftUI";
			};
			name = Release;
		};
		F9C164F526610BA8004E6535 /* Debug */ = {
			isa = XCBuildConfiguration;
			buildSettings = {
				ALWAYS_EMBED_SWIFT_STANDARD_LIBRARIES = YES;
				CODE_SIGN_STYLE = Automatic;
				DEVELOPMENT_TEAM = Q6GNGLH2H2;
				INFOPLIST_FILE = "Smaple SwiftUIUITests/Info.plist";
				LD_RUNPATH_SEARCH_PATHS = (
					"$(inherited)",
					"@executable_path/Frameworks",
					"@loader_path/Frameworks",
				);
				PRODUCT_BUNDLE_IDENTIFIER = "coml.lee4830.Smaple-SwiftUIUITests";
				PRODUCT_NAME = "$(TARGET_NAME)";
				SWIFT_VERSION = 5.0;
				TARGETED_DEVICE_FAMILY = "1,2";
				TEST_TARGET_NAME = "Smaple SwiftUI";
			};
			name = Debug;
		};
		F9C164F626610BA8004E6535 /* Release */ = {
			isa = XCBuildConfiguration;
			buildSettings = {
				ALWAYS_EMBED_SWIFT_STANDARD_LIBRARIES = YES;
				CODE_SIGN_STYLE = Automatic;
				DEVELOPMENT_TEAM = Q6GNGLH2H2;
				INFOPLIST_FILE = "Smaple SwiftUIUITests/Info.plist";
				LD_RUNPATH_SEARCH_PATHS = (
					"$(inherited)",
					"@executable_path/Frameworks",
					"@loader_path/Frameworks",
				);
				PRODUCT_BUNDLE_IDENTIFIER = "coml.lee4830.Smaple-SwiftUIUITests";
				PRODUCT_NAME = "$(TARGET_NAME)";
				SWIFT_VERSION = 5.0;
				TARGETED_DEVICE_FAMILY = "1,2";
				TEST_TARGET_NAME = "Smaple SwiftUI";
			};
			name = Release;
		};
/* End XCBuildConfiguration section */

/* Begin XCConfigurationList section */
		F9C164C426610BA4004E6535 /* Build configuration list for PBXProject "Smaple SwiftUI" */ = {
			isa = XCConfigurationList;
			buildConfigurations = (
				F9C164EC26610BA8004E6535 /* Debug */,
				F9C164ED26610BA8004E6535 /* Release */,
			);
			defaultConfigurationIsVisible = 0;
			defaultConfigurationName = Release;
		};
		F9C164EE26610BA8004E6535 /* Build configuration list for PBXNativeTarget "Smaple SwiftUI" */ = {
			isa = XCConfigurationList;
			buildConfigurations = (
				F9C164EF26610BA8004E6535 /* Debug */,
				F9C164F026610BA8004E6535 /* Release */,
			);
			defaultConfigurationIsVisible = 0;
			defaultConfigurationName = Release;
		};
		F9C164F126610BA8004E6535 /* Build configuration list for PBXNativeTarget "Smaple SwiftUITests" */ = {
			isa = XCConfigurationList;
			buildConfigurations = (
				F9C164F226610BA8004E6535 /* Debug */,
				F9C164F326610BA8004E6535 /* Release */,
			);
			defaultConfigurationIsVisible = 0;
			defaultConfigurationName = Release;
		};
		F9C164F426610BA8004E6535 /* Build configuration list for PBXNativeTarget "Smaple SwiftUIUITests" */ = {
			isa = XCConfigurationList;
			buildConfigurations = (
				F9C164F526610BA8004E6535 /* Debug */,
				F9C164F626610BA8004E6535 /* Release */,
			);
			defaultConfigurationIsVisible = 0;
			defaultConfigurationName = Release;
		};
/* End XCConfigurationList section */
	};
	rootObject = F9C164C126610BA4004E6535 /* Project object */;
}
